// !$*UTF8*$!
{
	archiveVersion = 1;
	classes = {
	};
	objectVersion = 46;
	objects = {

/* Begin PBXBuildFile section */
		07E165C71E2366650070AEEC /* main.m in Sources */ = {isa = PBXBuildFile; fileRef = 07E165C61E2366650070AEEC /* main.m */; };
		07E165CA1E2366650070AEEC /* AppDelegate.m in Sources */ = {isa = PBXBuildFile; fileRef = 07E165C91E2366650070AEEC /* AppDelegate.m */; };
		07E165CD1E2366650070AEEC /* ViewController.m in Sources */ = {isa = PBXBuildFile; fileRef = 07E165CC1E2366650070AEEC /* ViewController.m */; };
		07E165D01E2366650070AEEC /* Main.storyboard in Resources */ = {isa = PBXBuildFile; fileRef = 07E165CE1E2366650070AEEC /* Main.storyboard */; };
		07E165D21E2366650070AEEC /* Assets.xcassets in Resources */ = {isa = PBXBuildFile; fileRef = 07E165D11E2366650070AEEC /* Assets.xcassets */; };
		07E165D51E2366650070AEEC /* LaunchScreen.storyboard in Resources */ = {isa = PBXBuildFile; fileRef = 07E165D31E2366650070AEEC /* LaunchScreen.storyboard */; };
		07E165EF1E2366BE0070AEEC /* FGBaseDataModel.m in Sources */ = {isa = PBXBuildFile; fileRef = 07E165DE1E2366BE0070AEEC /* FGBaseDataModel.m */; };
		07E165F41E2366BE0070AEEC /* FGBaseTableViewCell.m in Sources */ = {isa = PBXBuildFile; fileRef = 07E165E81E2366BE0070AEEC /* FGBaseTableViewCell.m */; };
		07E165F61E2366BE0070AEEC /* FGBaseViewModel.m in Sources */ = {isa = PBXBuildFile; fileRef = 07E165EC1E2366BE0070AEEC /* FGBaseViewModel.m */; };
/* End PBXBuildFile section */

/* Begin PBXFileReference section */
		07E165C21E2366650070AEEC /* FGBaseClass.app */ = {isa = PBXFileReference; explicitFileType = wrapper.application; includeInIndex = 0; path = FGBaseClass.app; sourceTree = BUILT_PRODUCTS_DIR; };
		07E165C61E2366650070AEEC /* main.m */ = {isa = PBXFileReference; lastKnownFileType = sourcecode.c.objc; path = main.m; sourceTree = "<group>"; };
		07E165C81E2366650070AEEC /* AppDelegate.h */ = {isa = PBXFileReference; lastKnownFileType = sourcecode.c.h; path = AppDelegate.h; sourceTree = "<group>"; };
		07E165C91E2366650070AEEC /* AppDelegate.m */ = {isa = PBXFileReference; lastKnownFileType = sourcecode.c.objc; path = AppDelegate.m; sourceTree = "<group>"; };
		07E165CB1E2366650070AEEC /* ViewController.h */ = {isa = PBXFileReference; lastKnownFileType = sourcecode.c.h; path = ViewController.h; sourceTree = "<group>"; };
		07E165CC1E2366650070AEEC /* ViewController.m */ = {isa = PBXFileReference; lastKnownFileType = sourcecode.c.objc; path = ViewController.m; sourceTree = "<group>"; };
		07E165CF1E2366650070AEEC /* Base */ = {isa = PBXFileReference; lastKnownFileType = file.storyboard; name = Base; path = Base.lproj/Main.storyboard; sourceTree = "<group>"; };
		07E165D11E2366650070AEEC /* Assets.xcassets */ = {isa = PBXFileReference; lastKnownFileType = folder.assetcatalog; path = Assets.xcassets; sourceTree = "<group>"; };
		07E165D41E2366650070AEEC /* Base */ = {isa = PBXFileReference; lastKnownFileType = file.storyboard; name = Base; path = Base.lproj/LaunchScreen.storyboard; sourceTree = "<group>"; };
		07E165D61E2366650070AEEC /* Info.plist */ = {isa = PBXFileReference; lastKnownFileType = text.plist.xml; path = Info.plist; sourceTree = "<group>"; };
		07E165DD1E2366BE0070AEEC /* FGBaseDataModel.h */ = {isa = PBXFileReference; fileEncoding = 4; lastKnownFileType = sourcecode.c.h; path = FGBaseDataModel.h; sourceTree = "<group>"; };
		07E165DE1E2366BE0070AEEC /* FGBaseDataModel.m */ = {isa = PBXFileReference; fileEncoding = 4; lastKnownFileType = sourcecode.c.objc; path = FGBaseDataModel.m; sourceTree = "<group>"; };
		07E165E71E2366BE0070AEEC /* FGBaseTableViewCell.h */ = {isa = PBXFileReference; fileEncoding = 4; lastKnownFileType = sourcecode.c.h; path = FGBaseTableViewCell.h; sourceTree = "<group>"; };
		07E165E81E2366BE0070AEEC /* FGBaseTableViewCell.m */ = {isa = PBXFileReference; fileEncoding = 4; lastKnownFileType = sourcecode.c.objc; path = FGBaseTableViewCell.m; sourceTree = "<group>"; };
		07E165EB1E2366BE0070AEEC /* FGBaseViewModel.h */ = {isa = PBXFileReference; fileEncoding = 4; lastKnownFileType = sourcecode.c.h; path = FGBaseViewModel.h; sourceTree = "<group>"; };
		07E165EC1E2366BE0070AEEC /* FGBaseViewModel.m */ = {isa = PBXFileReference; fileEncoding = 4; lastKnownFileType = sourcecode.c.objc; path = FGBaseViewModel.m; sourceTree = "<group>"; };
/* End PBXFileReference section */

/* Begin PBXFrameworksBuildPhase section */
		07E165BF1E2366650070AEEC /* Frameworks */ = {
			isa = PBXFrameworksBuildPhase;
			buildActionMask = 2147483647;
			files = (
			);
			runOnlyForDeploymentPostprocessing = 0;
		};
/* End PBXFrameworksBuildPhase section */

/* Begin PBXGroup section */
		07E165B91E2366650070AEEC = {
			isa = PBXGroup;
			children = (
				07E165C41E2366650070AEEC /* FGBaseClass */,
				07E165C31E2366650070AEEC /* Products */,
			);
			sourceTree = "<group>";
		};
		07E165C31E2366650070AEEC /* Products */ = {
			isa = PBXGroup;
			children = (
				07E165C21E2366650070AEEC /* FGBaseClass.app */,
			);
			name = Products;
			sourceTree = "<group>";
		};
		07E165C41E2366650070AEEC /* FGBaseClass */ = {
			isa = PBXGroup;
			children = (
				07E165DC1E2366BE0070AEEC /* FGBaseClass */,
				07E165C81E2366650070AEEC /* AppDelegate.h */,
				07E165C91E2366650070AEEC /* AppDelegate.m */,
				07E165CB1E2366650070AEEC /* ViewController.h */,
				07E165CC1E2366650070AEEC /* ViewController.m */,
				07E165CE1E2366650070AEEC /* Main.storyboard */,
				07E165D11E2366650070AEEC /* Assets.xcassets */,
				07E165D31E2366650070AEEC /* LaunchScreen.storyboard */,
				07E165D61E2366650070AEEC /* Info.plist */,
				07E165C51E2366650070AEEC /* Supporting Files */,
			);
			path = FGBaseClass;
			sourceTree = "<group>";
		};
		07E165C51E2366650070AEEC /* Supporting Files */ = {
			isa = PBXGroup;
			children = (
				07E165C61E2366650070AEEC /* main.m */,
			);
			name = "Supporting Files";
			sourceTree = "<group>";
		};
		07E165DC1E2366BE0070AEEC /* FGBaseClass */ = {
			isa = PBXGroup;
			children = (
				07E165DD1E2366BE0070AEEC /* FGBaseDataModel.h */,
				07E165DE1E2366BE0070AEEC /* FGBaseDataModel.m */,
				07E165E71E2366BE0070AEEC /* FGBaseTableViewCell.h */,
				07E165E81E2366BE0070AEEC /* FGBaseTableViewCell.m */,
				07E165EB1E2366BE0070AEEC /* FGBaseViewModel.h */,
				07E165EC1E2366BE0070AEEC /* FGBaseViewModel.m */,
			);
			path = FGBaseClass;
			sourceTree = "<group>";
		};
/* End PBXGroup section */

/* Begin PBXNativeTarget section */
		07E165C11E2366650070AEEC /* FGBaseClass */ = {
			isa = PBXNativeTarget;
			buildConfigurationList = 07E165D91E2366650070AEEC /* Build configuration list for PBXNativeTarget "FGBaseClass" */;
			buildPhases = (
				07E165BE1E2366650070AEEC /* Sources */,
				07E165BF1E2366650070AEEC /* Frameworks */,
				07E165C01E2366650070AEEC /* Resources */,
			);
			buildRules = (
			);
			dependencies = (
			);
			name = FGBaseClass;
			productName = FGBaseClass;
			productReference = 07E165C21E2366650070AEEC /* FGBaseClass.app */;
			productType = "com.apple.product-type.application";
		};
/* End PBXNativeTarget section */

/* Begin PBXProject section */
		07E165BA1E2366650070AEEC /* Project object */ = {
			isa = PBXProject;
			attributes = {
				LastUpgradeCheck = 0820;
				ORGANIZATIONNAME = YangWeiCong;
				TargetAttributes = {
					07E165C11E2366650070AEEC = {
						CreatedOnToolsVersion = 8.2.1;
						ProvisioningStyle = Automatic;
					};
				};
			};
			buildConfigurationList = 07E165BD1E2366650070AEEC /* Build configuration list for PBXProject "FGBaseClass" */;
			compatibilityVersion = "Xcode 3.2";
			developmentRegion = English;
			hasScannedForEncodings = 0;
			knownRegions = (
				en,
				Base,
			);
			mainGroup = 07E165B91E2366650070AEEC;
			productRefGroup = 07E165C31E2366650070AEEC /* Products */;
			projectDirPath = "";
			projectRoot = "";
			targets = (
				07E165C11E2366650070AEEC /* FGBaseClass */,
			);
		};
/* End PBXProject section */

/* Begin PBXResourcesBuildPhase section */
		07E165C01E2366650070AEEC /* Resources */ = {
			isa = PBXResourcesBuildPhase;
			buildActionMask = 2147483647;
			files = (
				07E165D51E2366650070AEEC /* LaunchScreen.storyboard in Resources */,
				07E165D21E2366650070AEEC /* Assets.xcassets in Resources */,
				07E165D01E2366650070AEEC /* Main.storyboard in Resources */,
			);
			runOnlyForDeploymentPostprocessing = 0;
		};
/* End PBXResourcesBuildPhase section */

/* Begin PBXSourcesBuildPhase section */
		07E165BE1E2366650070AEEC /* Sources */ = {
			isa = PBXSourcesBuildPhase;
			buildActionMask = 2147483647;
			files = (
				07E165CD1E2366650070AEEC /* ViewController.m in Sources */,
				07E165CA1E2366650070AEEC /* AppDelegate.m in Sources */,
				07E165F41E2366BE0070AEEC /* FGBaseTableViewCell.m in Sources */,
				07E165C71E2366650070AEEC /* main.m in Sources */,
				07E165F61E2366BE0070AEEC /* FGBaseViewModel.m in Sources */,
				07E165EF1E2366BE0070AEEC /* FGBaseDataModel.m in Sources */,
			);
			runOnlyForDeploymentPostprocessing = 0;
		};
/* End PBXSourcesBuildPhase section */

/* Begin PBXVariantGroup section */
		07E165CE1E2366650070AEEC /* Main.storyboard */ = {
			isa = PBXVariantGroup;
			children = (
				07E165CF1E2366650070AEEC /* Base */,
			);
			name = Main.storyboard;
			sourceTree = "<group>";
		};
		07E165D31E2366650070AEEC /* LaunchScreen.storyboard */ = {
			isa = PBXVariantGroup;
			children = (
				07E165D41E2366650070AEEC /* Base */,
			);
			name = LaunchScreen.storyboard;
			sourceTree = "<group>";
		};
/* End PBXVariantGroup section */

/* Begin XCBuildConfiguration section */
		07E165D71E2366650070AEEC /* Debug */ = {
			isa = XCBuildConfiguration;
			buildSettings = {
				ALWAYS_SEARCH_USER_PATHS = NO;
				CLANG_ANALYZER_NONNULL = YES;
				CLANG_CXX_LANGUAGE_STANDARD = "gnu++0x";
				CLANG_CXX_LIBRARY = "libc++";
				CLANG_ENABLE_MODULES = YES;
				CLANG_ENABLE_OBJC_ARC = YES;
				CLANG_WARN_BOOL_CONVERSION = YES;
				CLANG_WARN_CONSTANT_CONVERSION = YES;
				CLANG_WARN_DIRECT_OBJC_ISA_USAGE = YES_ERROR;
				CLANG_WARN_DOCUMENTATION_COMMENTS = YES;
				CLANG_WARN_EMPTY_BODY = YES;
				CLANG_WARN_ENUM_CONVERSION = YES;
				CLANG_WARN_INFINITE_RECURSION = YES;
				CLANG_WARN_INT_CONVERSION = YES;
				CLANG_WARN_OBJC_ROOT_CLASS = YES_ERROR;
				CLANG_WARN_SUSPICIOUS_MOVE = YES;
				CLANG_WARN_UNREACHABLE_CODE = YES;
				CLANG_WARN__DUPLICATE_METHOD_MATCH = YES;
				"CODE_SIGN_IDENTITY[sdk=iphoneos*]" = "iPhone Developer";
				COPY_PHASE_STRIP = NO;
				DEBUG_INFORMATION_FORMAT = dwarf;
				ENABLE_STRICT_OBJC_MSGSEND = YES;
				ENABLE_TESTABILITY = YES;
				GCC_C_LANGUAGE_STANDARD = gnu99;
				GCC_DYNAMIC_NO_PIC = NO;
				GCC_NO_COMMON_BLOCKS = YES;
				GCC_OPTIMIZATION_LEVEL = 0;
				GCC_PREPROCESSOR_DEFINITIONS = (
					"DEBUG=1",
					"$(inherited)",
				);
				GCC_WARN_64_TO_32_BIT_CONVERSION = YES;
				GCC_WARN_ABOUT_RETURN_TYPE = YES_ERROR;
				GCC_WARN_UNDECLARED_SELECTOR = YES;
				GCC_WARN_UNINITIALIZED_AUTOS = YES_AGGRESSIVE;
				GCC_WARN_UNUSED_FUNCTION = YES;
				GCC_WARN_UNUSED_VARIABLE = YES;
				IPHONEOS_DEPLOYMENT_TARGET = 10.2;
				MTL_ENABLE_DEBUG_INFO = YES;
				ONLY_ACTIVE_ARCH = YES;
				SDKROOT = iphoneos;
			};
			name = Debug;
		};
		07E165D81E2366650070AEEC /* Release */ = {
			isa = XCBuildConfiguration;
			buildSettings = {
				ALWAYS_SEARCH_USER_PATHS = NO;
				CLANG_ANALYZER_NONNULL = YES;
				CLANG_CXX_LANGUAGE_STANDARD = "gnu++0x";
				CLANG_CXX_LIBRARY = "libc++";
				CLANG_ENABLE_MODULES = YES;
				CLANG_ENABLE_OBJC_ARC = YES;
				CLANG_WARN_BOOL_CONVERSION = YES;
				CLANG_WARN_CONSTANT_CONVERSION = YES;
				CLANG_WARN_DIRECT_OBJC_ISA_USAGE = YES_ERROR;
				CLANG_WARN_DOCUMENTATION_COMMENTS = YES;
				CLANG_WARN_EMPTY_BODY = YES;
				CLANG_WARN_ENUM_CONVERSION = YES;
				CLANG_WARN_INFINITE_RECURSION = YES;
				CLANG_WARN_INT_CONVERSION = YES;
				CLANG_WARN_OBJC_ROOT_CLASS = YES_ERROR;
				CLANG_WARN_SUSPICIOUS_MOVE = YES;
				CLANG_WARN_UNREACHABLE_CODE = YES;
				CLANG_WARN__DUPLICATE_METHOD_MATCH = YES;
				"CODE_SIGN_IDENTITY[sdk=iphoneos*]" = "iPhone Developer";
				COPY_PHASE_STRIP = NO;
				DEBUG_INFORMATION_FORMAT = "dwarf-with-dsym";
				ENABLE_NS_ASSERTIONS = NO;
				ENABLE_STRICT_OBJC_MSGSEND = YES;
				GCC_C_LANGUAGE_STANDARD = gnu99;
				GCC_NO_COMMON_BLOCKS = YES;
				GCC_WARN_64_TO_32_BIT_CONVERSION = YES;
				GCC_WARN_ABOUT_RETURN_TYPE = YES_ERROR;
				GCC_WARN_UNDECLARED_SELECTOR = YES;
				GCC_WARN_UNINITIALIZED_AUTOS = YES_AGGRESSIVE;
				GCC_WARN_UNUSED_FUNCTION = YES;
				GCC_WARN_UNUSED_VARIABLE = YES;
				IPHONEOS_DEPLOYMENT_TARGET = 10.2;
				MTL_ENABLE_DEBUG_INFO = NO;
				SDKROOT = iphoneos;
				VALIDATE_PRODUCT = YES;
			};
			name = Release;
		};
		07E165DA1E2366650070AEEC /* Debug */ = {
			isa = XCBuildConfiguration;
			buildSettings = {
				ASSETCATALOG_COMPILER_APPICON_NAME = AppIcon;
				INFOPLIST_FILE = FGBaseClass/Info.plist;
				LD_RUNPATH_SEARCH_PATHS = "$(inherited) @executable_path/Frameworks";
				PRODUCT_BUNDLE_IDENTIFIER = cn.figo.FGBaseClass;
				PRODUCT_NAME = "$(TARGET_NAME)";
			};
			name = Debug;
		};
		07E165DB1E2366650070AEEC /* Release */ = {
			isa = XCBuildConfiguration;
			buildSettings = {
				ASSETCATALOG_COMPILER_APPICON_NAME = AppIcon;
				INFOPLIST_FILE = FGBaseClass/Info.plist;
				LD_RUNPATH_SEARCH_PATHS = "$(inherited) @executable_path/Frameworks";
				PRODUCT_BUNDLE_IDENTIFIER = cn.figo.FGBaseClass;
				PRODUCT_NAME = "$(TARGET_NAME)";
			};
			name = Release;
		};
/* End XCBuildConfiguration section */

/* Begin XCConfigurationList section */
		07E165BD1E2366650070AEEC /* Build configuration list for PBXProject "FGBaseClass" */ = {
			isa = XCConfigurationList;
			buildConfigurations = (
				07E165D71E2366650070AEEC /* Debug */,
				07E165D81E2366650070AEEC /* Release */,
			);
			defaultConfigurationIsVisible = 0;
			defaultConfigurationName = Release;
		};
		07E165D91E2366650070AEEC /* Build configuration list for PBXNativeTarget "FGBaseClass" */ = {
			isa = XCConfigurationList;
			buildConfigurations = (
				07E165DA1E2366650070AEEC /* Debug */,
				07E165DB1E2366650070AEEC /* Release */,
			);
			defaultConfigurationIsVisible = 0;
			defaultConfigurationName = Release;
		};
/* End XCConfigurationList section */
	};
	rootObject = 07E165BA1E2366650070AEEC /* Project object */;
}
